{
  "name": "JukeVox.Server",
  "lockfileVersion": 3,
  "requires": true,
  "packages": {
    "": {
      "dependencies": {
        "@simplewebauthn/browser": "^13.2.2"
      }
    },
    "node_modules/@simplewebauthn/browser": {
      "version": "13.2.2",
      "resolved": "https://registry.npmjs.org/@simplewebauthn/browser/-/browser-13.2.2.tgz",
      "integrity": "sha512-FNW1oLQpTJyqG5kkDg5ZsotvWgmBaC6jCHR7Ej0qUNep36Wl9tj2eZu7J5rP+uhXgHaLk+QQ3lqcw2vS5MX1IA==",
      "license": "MIT"
    }
  }
}
